
Microsoft Visual Studio Solution File, Format Version 12.00
# Visual Studio 2017
Project("{FAE04EC0-301F-11D3-BF4B-00C04F79EFBC}") = "AdvAI", "AdvAI.csproj", "{529F7A42-EB48-F87F-11B3-5A4F03E70DD2}"
EndProject
Global
	GlobalSection(SolutionConfigurationPlatforms) = preSolution
		Debug|Any CPU = Debug|Any CPU
		Release|Any CPU = Release|Any CPU
	EndGlobalSection
	GlobalSection(ProjectConfigurationPlatforms) = postSolution
		{529F7A42-EB48-F87F-11B3-5A4F03E70DD2}.Debug|Any CPU.ActiveCfg = Debug|Any CPU
		{529F7A42-EB48-F87F-11B3-5A4F03E70DD2}.Debug|Any CPU.Build.0 = Debug|Any CPU
		{529F7A42-EB48-F87F-11B3-5A4F03E70DD2}.Release|Any CPU.ActiveCfg = Release|Any CPU
		{529F7A42-EB48-F87F-11B3-5A4F03E70DD2}.Release|Any CPU.Build.0 = Release|Any CPU
	EndGlobalSection
	GlobalSection(SolutionProperties) = preSolution
		HideSolutionNode = FALSE
	EndGlobalSection
EndGlobal
